
Microsoft Visual Studio Solution File, Format Version 12.00
# Visual Studio Version 17
VisualStudioVersion = 17.2.32526.322
MinimumVisualStudioVersion = 10.0.40219.1
Project("{9A19103F-16F7-4668-BE54-9A1E7A4F7556}") = "Primitive.Extensions", "Primitive.Extensions\Primitive.Extensions.csproj", "{2A31CD2C-A7FA-4FD6-8D99-97AB52F7DFC5}"
EndProject
Project("{2150E333-8FDC-42A3-9474-1A3956D46DE8}") = "Solution Items", "Solution Items", "{C04D1573-8FF4-4770-AF63-0D058C22F2A1}"
	ProjectSection(SolutionItems) = preProject
		.editorconfig = .editorconfig
		.gitignore = .gitignore
	EndProjectSection
EndProject
Project("{9A19103F-16F7-4668-BE54-9A1E7A4F7556}") = "Primitive.Extension.Tests", "Primitive.Extension.Tests\Primitive.Extension.Tests.csproj", "{C49D482D-2DB8-4218-AA43-E84534C6CEA2}"
EndProject
Project("{9A19103F-16F7-4668-BE54-9A1E7A4F7556}") = "Extensions.DataStructures", "Datastructure.Extensions\Extensions.DataStructures.csproj", "{EE4D7C35-91FF-4A86-9C16-0262B770F848}"
EndProject
Global
	GlobalSection(SolutionConfigurationPlatforms) = preSolution
		Debug|Any CPU = Debug|Any CPU
		Release|Any CPU = Release|Any CPU
	EndGlobalSection
	GlobalSection(ProjectConfigurationPlatforms) = postSolution
		{2A31CD2C-A7FA-4FD6-8D99-97AB52F7DFC5}.Debug|Any CPU.ActiveCfg = Debug|Any CPU
		{2A31CD2C-A7FA-4FD6-8D99-97AB52F7DFC5}.Debug|Any CPU.Build.0 = Debug|Any CPU
		{2A31CD2C-A7FA-4FD6-8D99-97AB52F7DFC5}.Release|Any CPU.ActiveCfg = Release|Any CPU
		{2A31CD2C-A7FA-4FD6-8D99-97AB52F7DFC5}.Release|Any CPU.Build.0 = Release|Any CPU
		{C49D482D-2DB8-4218-AA43-E84534C6CEA2}.Debug|Any CPU.ActiveCfg = Debug|Any CPU
		{C49D482D-2DB8-4218-AA43-E84534C6CEA2}.Debug|Any CPU.Build.0 = Debug|Any CPU
		{C49D482D-2DB8-4218-AA43-E84534C6CEA2}.Release|Any CPU.ActiveCfg = Release|Any CPU
		{C49D482D-2DB8-4218-AA43-E84534C6CEA2}.Release|Any CPU.Build.0 = Release|Any CPU
		{EE4D7C35-91FF-4A86-9C16-0262B770F848}.Debug|Any CPU.ActiveCfg = Debug|Any CPU
		{EE4D7C35-91FF-4A86-9C16-0262B770F848}.Debug|Any CPU.Build.0 = Debug|Any CPU
		{EE4D7C35-91FF-4A86-9C16-0262B770F848}.Release|Any CPU.ActiveCfg = Release|Any CPU
		{EE4D7C35-91FF-4A86-9C16-0262B770F848}.Release|Any CPU.Build.0 = Release|Any CPU
	EndGlobalSection
	GlobalSection(SolutionProperties) = preSolution
		HideSolutionNode = FALSE
	EndGlobalSection
	GlobalSection(ExtensibilityGlobals) = postSolution
		SolutionGuid = {DBAAFE94-7B7D-4EC6-9AA9-4AFD5DC9380A}
	EndGlobalSection
EndGlobal
